// !$*UTF8*$!
{
	archiveVersion = 1;
	classes = {
	};
	objectVersion = 77;
	objects = {

/* Begin PBXBuildFile section */
		6314C01530154A7D00870907 /* CameraView.swift in Sources */ = {isa = PBXBuildFile; fileRef = 6314C00F30154A7D00870907 /* CameraView.swift */; };
		6314C01730154A7D00870907 /* ExerciseAnalyzer.swift in Sources */ = {isa = PBXBuildFile; fileRef = 6314C01130154A7D00870907 /* ExerciseAnalyzer.swift */; };
		6314C01930154A7D00870907 /* PoseEstimator.swift in Sources */ = {isa = PBXBuildFile; fileRef = 6314C01330154A7D00870907 /* PoseEstimator.swift */; };
		6314C01D30154E0C00870907 /* ExerciseType.swift in Sources */ = {isa = PBXBuildFile; fileRef = 6314C01B30154E0C00870907 /* ExerciseType.swift */; };
		6314C01F30154E1100870907 /* HomeView.swift in Sources */ = {isa = PBXBuildFile; fileRef = 6314C01E30154E1100870907 /* HomeView.swift */; };
		6314C0253015549C00870907 /* DashboardView.swift in Sources */ = {isa = PBXBuildFile; fileRef = 6314C0213015549C00870907 /* DashboardView.swift */; };
		6314C0263015549C00870907 /* HealthManager.swift in Sources */ = {isa = PBXBuildFile; fileRef = 6314C0233015549C00870907 /* HealthManager.swift */; };
		6314C0273015549C00870907 /* FirebaseManager.swift in Sources */ = {isa = PBXBuildFile; fileRef = 6314C0223015549C00870907 /* FirebaseManager.swift */; };
		6314C0283015549C00870907 /* MainTabView.swift in Sources */ = {isa = PBXBuildFile; fileRef = 6314C0243015549C00870907 /* MainTabView.swift */; };
		6314C0293015549C00870907 /* AuthView.swift in Sources */ = {isa = PBXBuildFile; fileRef = 6314C0203015549C00870907 /* AuthView.swift */; };
		6314C02C3015606900870907 /* FirebaseAnalytics in Frameworks */ = {isa = PBXBuildFile; productRef = 6314C02B3015606900870907 /* FirebaseAnalytics */; };
		6314C02E3015606900870907 /* FirebaseAuth in Frameworks */ = {isa = PBXBuildFile; productRef = 6314C02D3015606900870907 /* FirebaseAuth */; };
		6314C0303015606900870907 /* FirebaseFirestore in Frameworks */ = {isa = PBXBuildFile; productRef = 6314C02F3015606900870907 /* FirebaseFirestore */; };
		6314C032301561A400870907 /* GoogleService-Info.plist in Resources */ = {isa = PBXBuildFile; fileRef = 6314C031301561A400870907 /* GoogleService-Info.plist */; };
		6314C0353015661200870907 /* LeaderboardView.swift in Sources */ = {isa = PBXBuildFile; fileRef = 6314C0333015661200870907 /* LeaderboardView.swift */; };
		6314C0363015661200870907 /* WorkoutRoutineView.swift in Sources */ = {isa = PBXBuildFile; fileRef = 6314C0343015661200870907 /* WorkoutRoutineView.swift */; };
		6314C03930156A9A00870907 /* ChallengesView.swift in Sources */ = {isa = PBXBuildFile; fileRef = 6314C03730156A9A00870907 /* ChallengesView.swift */; };
		6314C03A30156A9A00870907 /* ShareSummaryView.swift in Sources */ = {isa = PBXBuildFile; fileRef = 6314C03830156A9A00870907 /* ShareSummaryView.swift */; };
		6314C03F30156BAD00870907 /* PaywallView.swift in Sources */ = {isa = PBXBuildFile; fileRef = 6314C03D30156BAD00870907 /* PaywallView.swift */; };
		6314C04030156BAD00870907 /* StoreManager.swift in Sources */ = {isa = PBXBuildFile; fileRef = 6314C03E30156BAD00870907 /* StoreManager.swift */; };
		6314C04130156BAD00870907 /* NutritionView.swift in Sources */ = {isa = PBXBuildFile; fileRef = 6314C03C30156BAD00870907 /* NutritionView.swift */; };
		6314C04230156BAD00870907 /* ConfettiView.swift in Sources */ = {isa = PBXBuildFile; fileRef = 6314C03B30156BAD00870907 /* ConfettiView.swift */; };
		6362F104301D6C0C00B9E638 /* BadgesView.swift in Sources */ = {isa = PBXBuildFile; fileRef = 6362F101301D6C0C00B9E638 /* BadgesView.swift */; };
		6362F105301D6C0C00B9E638 /* GamificationManager.swift in Sources */ = {isa = PBXBuildFile; fileRef = 6362F102301D6C0C00B9E638 /* GamificationManager.swift */; };
		6362F106301D6C0C00B9E638 /* SpeechManager.swift in Sources */ = {isa = PBXBuildFile; fileRef = 6362F103301D6C0C00B9E638 /* SpeechManager.swift */; };
/* End PBXBuildFile section */

/* Begin PBXFileReference section */
		6314C00F30154A7D00870907 /* CameraView.swift */ = {isa = PBXFileReference; lastKnownFileType = sourcecode.swift; path = CameraView.swift; sourceTree = "<group>"; };
		6314C01130154A7D00870907 /* ExerciseAnalyzer.swift */ = {isa = PBXFileReference; lastKnownFileType = sourcecode.swift; path = ExerciseAnalyzer.swift; sourceTree = "<group>"; };
		6314C01330154A7D00870907 /* PoseEstimator.swift */ = {isa = PBXFileReference; lastKnownFileType = sourcecode.swift; path = PoseEstimator.swift; sourceTree = "<group>"; };
		6314C01B30154E0C00870907 /* ExerciseType.swift */ = {isa = PBXFileReference; lastKnownFileType = sourcecode.swift; path = ExerciseType.swift; sourceTree = "<group>"; };
		6314C01E30154E1100870907 /* HomeView.swift */ = {isa = PBXFileReference; lastKnownFileType = sourcecode.swift; path = HomeView.swift; sourceTree = "<group>"; };
		6314C0203015549C00870907 /* AuthView.swift */ = {isa = PBXFileReference; lastKnownFileType = sourcecode.swift; path = AuthView.swift; sourceTree = "<group>"; };
		6314C0213015549C00870907 /* DashboardView.swift */ = {isa = PBXFileReference; lastKnownFileType = sourcecode.swift; path = DashboardView.swift; sourceTree = "<group>"; };
		6314C0223015549C00870907 /* FirebaseManager.swift */ = {isa = PBXFileReference; lastKnownFileType = sourcecode.swift; path = FirebaseManager.swift; sourceTree = "<group>"; };
		6314C0233015549C00870907 /* HealthManager.swift */ = {isa = PBXFileReference; lastKnownFileType = sourcecode.swift; path = HealthManager.swift; sourceTree = "<group>"; };
		6314C0243015549C00870907 /* MainTabView.swift */ = {isa = PBXFileReference; lastKnownFileType = sourcecode.swift; path = MainTabView.swift; sourceTree = "<group>"; };
		6314C031301561A400870907 /* GoogleService-Info.plist */ = {isa = PBXFileReference; lastKnownFileType = text.plist.xml; path = "GoogleService-Info.plist"; sourceTree = "<group>"; };
		6314C0333015661200870907 /* LeaderboardView.swift */ = {isa = PBXFileReference; lastKnownFileType = sourcecode.swift; path = LeaderboardView.swift; sourceTree = "<group>"; };
		6314C0343015661200870907 /* WorkoutRoutineView.swift */ = {isa = PBXFileReference; lastKnownFileType = sourcecode.swift; path = WorkoutRoutineView.swift; sourceTree = "<group>"; };
		6314C03730156A9A00870907 /* ChallengesView.swift */ = {isa = PBXFileReference; lastKnownFileType = sourcecode.swift; path = ChallengesView.swift; sourceTree = "<group>"; };
		6314C03830156A9A00870907 /* ShareSummaryView.swift */ = {isa = PBXFileReference; lastKnownFileType = sourcecode.swift; path = ShareSummaryView.swift; sourceTree = "<group>"; };
		6314C03B30156BAD00870907 /* ConfettiView.swift */ = {isa = PBXFileReference; lastKnownFileType = sourcecode.swift; path = ConfettiView.swift; sourceTree = "<group>"; };
		6314C03C30156BAD00870907 /* NutritionView.swift */ = {isa = PBXFileReference; lastKnownFileType = sourcecode.swift; path = NutritionView.swift; sourceTree = "<group>"; };
		6314C03D30156BAD00870907 /* PaywallView.swift */ = {isa = PBXFileReference; lastKnownFileType = sourcecode.swift; path = PaywallView.swift; sourceTree = "<group>"; };
		6314C03E30156BAD00870907 /* StoreManager.swift */ = {isa = PBXFileReference; lastKnownFileType = sourcecode.swift; path = StoreManager.swift; sourceTree = "<group>"; };
		6343CAEF301549D400F4D4C3 /* FitnessAI.app */ = {isa = PBXFileReference; explicitFileType = wrapper.application; includeInIndex = 0; path = FitnessAI.app; sourceTree = BUILT_PRODUCTS_DIR; };
		6362F101301D6C0C00B9E638 /* BadgesView.swift */ = {isa = PBXFileReference; lastKnownFileType = sourcecode.swift; path = BadgesView.swift; sourceTree = "<group>"; };
		6362F102301D6C0C00B9E638 /* GamificationManager.swift */ = {isa = PBXFileReference; lastKnownFileType = sourcecode.swift; path = GamificationManager.swift; sourceTree = "<group>"; };
		6362F103301D6C0C00B9E638 /* SpeechManager.swift */ = {isa = PBXFileReference; lastKnownFileType = sourcecode.swift; path = SpeechManager.swift; sourceTree = "<group>"; };
/* End PBXFileReference section */

/* Begin PBXFileSystemSynchronizedRootGroup section */
		6343CAF1301549D400F4D4C3 /* FitnessAI */ = {
			isa = PBXFileSystemSynchronizedRootGroup;
			path = FitnessAI;
			sourceTree = "<group>";
		};
/* End PBXFileSystemSynchronizedRootGroup section */

/* Begin PBXFrameworksBuildPhase section */
		6343CAEC301549D400F4D4C3 /* Frameworks */ = {
			isa = PBXFrameworksBuildPhase;
			buildActionMask = 2147483647;
			files = (
				6314C02C3015606900870907 /* FirebaseAnalytics in Frameworks */,
				6314C02E3015606900870907 /* FirebaseAuth in Frameworks */,
				6314C0303015606900870907 /* FirebaseFirestore in Frameworks */,
			);
			runOnlyForDeploymentPostprocessing = 0;
		};
/* End PBXFrameworksBuildPhase section */

/* Begin PBXGroup section */
		6343CAE6301549D400F4D4C3 = {
			isa = PBXGroup;
			children = (
				6362F101301D6C0C00B9E638 /* BadgesView.swift */,
				6362F102301D6C0C00B9E638 /* GamificationManager.swift */,
				6362F103301D6C0C00B9E638 /* SpeechManager.swift */,
				6314C03B30156BAD00870907 /* ConfettiView.swift */,
				6314C03C30156BAD00870907 /* NutritionView.swift */,
				6314C03D30156BAD00870907 /* PaywallView.swift */,
				6314C03E30156BAD00870907 /* StoreManager.swift */,
				6314C03730156A9A00870907 /* ChallengesView.swift */,
				6314C03830156A9A00870907 /* ShareSummaryView.swift */,
				6314C0333015661200870907 /* LeaderboardView.swift */,
				6314C0343015661200870907 /* WorkoutRoutineView.swift */,
				6314C0203015549C00870907 /* AuthView.swift */,
				6314C0213015549C00870907 /* DashboardView.swift */,
				6314C0223015549C00870907 /* FirebaseManager.swift */,
				6314C0233015549C00870907 /* HealthManager.swift */,
				6314C0243015549C00870907 /* MainTabView.swift */,
				6314C01B30154E0C00870907 /* ExerciseType.swift */,
				6314C01130154A7D00870907 /* ExerciseAnalyzer.swift */,
				6314C01330154A7D00870907 /* PoseEstimator.swift */,
				6314C01E30154E1100870907 /* HomeView.swift */,
				6314C00F30154A7D00870907 /* CameraView.swift */,
				6314C031301561A400870907 /* GoogleService-Info.plist */,
				6343CAF1301549D400F4D4C3 /* FitnessAI */,
				6343CAF0301549D400F4D4C3 /* Products */,
			);
			sourceTree = "<group>";
		};
		6343CAF0301549D400F4D4C3 /* Products */ = {
			isa = PBXGroup;
			children = (
				6343CAEF301549D400F4D4C3 /* FitnessAI.app */,
			);
			name = Products;
			sourceTree = "<group>";
		};
/* End PBXGroup section */

/* Begin PBXNativeTarget section */
		6343CAEE301549D400F4D4C3 /* FitnessAI */ = {
			isa = PBXNativeTarget;
			buildConfigurationList = 6343CAFA301549D500F4D4C3 /* Build configuration list for PBXNativeTarget "FitnessAI" */;
			buildPhases = (
				6343CAEB301549D400F4D4C3 /* Sources */,
				6343CAEC301549D400F4D4C3 /* Frameworks */,
				6343CAED301549D400F4D4C3 /* Resources */,
			);
			buildRules = (
			);
			dependencies = (
			);
			fileSystemSynchronizedGroups = (
				6343CAF1301549D400F4D4C3 /* FitnessAI */,
			);
			name = FitnessAI;
			packageProductDependencies = (
				6314C02B3015606900870907 /* FirebaseAnalytics */,
				6314C02D3015606900870907 /* FirebaseAuth */,
				6314C02F3015606900870907 /* FirebaseFirestore */,
			);
			productName = FitnessAI;
			productReference = 6343CAEF301549D400F4D4C3 /* FitnessAI.app */;
			productType = "com.apple.product-type.application";
		};
/* End PBXNativeTarget section */

/* Begin PBXProject section */
		6343CAE7301549D400F4D4C3 /* Project object */ = {
			isa = PBXProject;
			attributes = {
				BuildIndependentTargetsInParallel = 1;
				LastSwiftUpdateCheck = 2650;
				LastUpgradeCheck = 2650;
				TargetAttributes = {
					6343CAEE301549D400F4D4C3 = {
						CreatedOnToolsVersion = 26.5;
					};
				};
			};
			buildConfigurationList = 6343CAEA301549D400F4D4C3 /* Build configuration list for PBXProject "FitnessAI" */;
			developmentRegion = en;
			hasScannedForEncodings = 0;
			knownRegions = (
				en,
				Base,
			);
			mainGroup = 6343CAE6301549D400F4D4C3;
			minimizedProjectReferenceProxies = 1;
			packageReferences = (
				6314C02A3015606900870907 /* XCRemoteSwiftPackageReference "firebase-ios-sdk" */,
			);
			preferredProjectObjectVersion = 77;
			productRefGroup = 6343CAF0301549D400F4D4C3 /* Products */;
			projectDirPath = "";
			projectRoot = "";
			targets = (
				6343CAEE301549D400F4D4C3 /* FitnessAI */,
			);
		};
/* End PBXProject section */

/* Begin PBXResourcesBuildPhase section */
		6343CAED301549D400F4D4C3 /* Resources */ = {
			isa = PBXResourcesBuildPhase;
			buildActionMask = 2147483647;
			files = (
				6314C032301561A400870907 /* GoogleService-Info.plist in Resources */,
			);
			runOnlyForDeploymentPostprocessing = 0;
		};
/* End PBXResourcesBuildPhase section */

/* Begin PBXSourcesBuildPhase section */
		6343CAEB301549D400F4D4C3 /* Sources */ = {
			isa = PBXSourcesBuildPhase;
			buildActionMask = 2147483647;
			files = (
				6314C03F30156BAD00870907 /* PaywallView.swift in Sources */,
				6362F104301D6C0C00B9E638 /* BadgesView.swift in Sources */,
				6362F105301D6C0C00B9E638 /* GamificationManager.swift in Sources */,
				6362F106301D6C0C00B9E638 /* SpeechManager.swift in Sources */,
				6314C04030156BAD00870907 /* StoreManager.swift in Sources */,
				6314C04130156BAD00870907 /* NutritionView.swift in Sources */,
				6314C04230156BAD00870907 /* ConfettiView.swift in Sources */,
				6314C01530154A7D00870907 /* CameraView.swift in Sources */,
				6314C01F30154E1100870907 /* HomeView.swift in Sources */,
				6314C01730154A7D00870907 /* ExerciseAnalyzer.swift in Sources */,
				6314C0353015661200870907 /* LeaderboardView.swift in Sources */,
				6314C0363015661200870907 /* WorkoutRoutineView.swift in Sources */,
				6314C0253015549C00870907 /* DashboardView.swift in Sources */,
				6314C0263015549C00870907 /* HealthManager.swift in Sources */,
				6314C0273015549C00870907 /* FirebaseManager.swift in Sources */,
				6314C0283015549C00870907 /* MainTabView.swift in Sources */,
				6314C03930156A9A00870907 /* ChallengesView.swift in Sources */,
				6314C03A30156A9A00870907 /* ShareSummaryView.swift in Sources */,
				6314C0293015549C00870907 /* AuthView.swift in Sources */,
				6314C01D30154E0C00870907 /* ExerciseType.swift in Sources */,
				6314C01930154A7D00870907 /* PoseEstimator.swift in Sources */,
			);
			runOnlyForDeploymentPostprocessing = 0;
		};
/* End PBXSourcesBuildPhase section */

/* Begin XCBuildConfiguration section */
		6343CAF8301549D500F4D4C3 /* Debug */ = {
			isa = XCBuildConfiguration;
			buildSettings = {
				ALWAYS_SEARCH_USER_PATHS = NO;
				ASSETCATALOG_COMPILER_GENERATE_SWIFT_ASSET_SYMBOL_EXTENSIONS = YES;
				CLANG_ANALYZER_NONNULL = YES;
				CLANG_ANALYZER_NUMBER_OBJECT_CONVERSION = YES_AGGRESSIVE;
				CLANG_CXX_LANGUAGE_STANDARD = "gnu++20";
				CLANG_ENABLE_MODULES = YES;
				CLANG_ENABLE_OBJC_ARC = YES;
				CLANG_ENABLE_OBJC_WEAK = YES;
				CLANG_WARN_BLOCK_CAPTURE_AUTORELEASING = YES;
				CLANG_WARN_BOOL_CONVERSION = YES;
				CLANG_WARN_COMMA = YES;
				CLANG_WARN_CONSTANT_CONVERSION = YES;
				CLANG_WARN_DEPRECATED_OBJC_IMPLEMENTATIONS = YES;
				CLANG_WARN_DIRECT_OBJC_ISA_USAGE = YES_ERROR;
				CLANG_WARN_DOCUMENTATION_COMMENTS = YES;
				CLANG_WARN_EMPTY_BODY = YES;
				CLANG_WARN_ENUM_CONVERSION = YES;
				CLANG_WARN_INFINITE_RECURSION = YES;
				CLANG_WARN_INT_CONVERSION = YES;
				CLANG_WARN_NON_LITERAL_NULL_CONVERSION = YES;
				CLANG_WARN_OBJC_IMPLICIT_RETAIN_SELF = YES;
				CLANG_WARN_OBJC_LITERAL_CONVERSION = YES;
				CLANG_WARN_OBJC_ROOT_CLASS = YES_ERROR;
				CLANG_WARN_QUOTED_INCLUDE_IN_FRAMEWORK_HEADER = YES;
				CLANG_WARN_RANGE_LOOP_ANALYSIS = YES;
				CLANG_WARN_STRICT_PROTOTYPES = YES;
				CLANG_WARN_SUSPICIOUS_MOVE = YES;
				CLANG_WARN_UNGUARDED_AVAILABILITY = YES_AGGRESSIVE;
				CLANG_WARN_UNREACHABLE_CODE = YES;
				CLANG_WARN__DUPLICATE_METHOD_MATCH = YES;
				COPY_PHASE_STRIP = NO;
				DEBUG_INFORMATION_FORMAT = dwarf;
				ENABLE_STRICT_OBJC_MSGSEND = YES;
				ENABLE_TESTABILITY = YES;
				ENABLE_USER_SCRIPT_SANDBOXING = YES;
				GCC_C_LANGUAGE_STANDARD = gnu17;
				GCC_DYNAMIC_NO_PIC = NO;
				GCC_NO_COMMON_BLOCKS = YES;
				GCC_OPTIMIZATION_LEVEL = 0;
				GCC_PREPROCESSOR_DEFINITIONS = (
					"DEBUG=1",
					"$(inherited)",
				);
				GCC_WARN_64_TO_32_BIT_CONVERSION = YES;
				GCC_WARN_ABOUT_RETURN_TYPE = YES_ERROR;
				GCC_WARN_UNDECLARED_SELECTOR = YES;
				GCC_WARN_UNINITIALIZED_AUTOS = YES_AGGRESSIVE;
				GCC_WARN_UNUSED_FUNCTION = YES;
				GCC_WARN_UNUSED_VARIABLE = YES;
				IPHONEOS_DEPLOYMENT_TARGET = 26.5;
				LOCALIZATION_PREFERS_STRING_CATALOGS = YES;
				MTL_ENABLE_DEBUG_INFO = INCLUDE_SOURCE;
				MTL_FAST_MATH = YES;
				ONLY_ACTIVE_ARCH = YES;
				SDKROOT = iphoneos;
				SWIFT_ACTIVE_COMPILATION_CONDITIONS = "DEBUG $(inherited)";
				SWIFT_OPTIMIZATION_LEVEL = "-Onone";
			};
			name = Debug;
		};
		6343CAF9301549D500F4D4C3 /* Release */ = {
			isa = XCBuildConfiguration;
			buildSettings = {
				ALWAYS_SEARCH_USER_PATHS = NO;
				ASSETCATALOG_COMPILER_GENERATE_SWIFT_ASSET_SYMBOL_EXTENSIONS = YES;
				CLANG_ANALYZER_NONNULL = YES;
				CLANG_ANALYZER_NUMBER_OBJECT_CONVERSION = YES_AGGRESSIVE;
				CLANG_CXX_LANGUAGE_STANDARD = "gnu++20";
				CLANG_ENABLE_MODULES = YES;
				CLANG_ENABLE_OBJC_ARC = YES;
				CLANG_ENABLE_OBJC_WEAK = YES;
				CLANG_WARN_BLOCK_CAPTURE_AUTORELEASING = YES;
				CLANG_WARN_BOOL_CONVERSION = YES;
				CLANG_WARN_COMMA = YES;
				CLANG_WARN_CONSTANT_CONVERSION = YES;
				CLANG_WARN_DEPRECATED_OBJC_IMPLEMENTATIONS = YES;
				CLANG_WARN_DIRECT_OBJC_ISA_USAGE = YES_ERROR;
				CLANG_WARN_DOCUMENTATION_COMMENTS = YES;
				CLANG_WARN_EMPTY_BODY = YES;
				CLANG_WARN_ENUM_CONVERSION = YES;
				CLANG_WARN_INFINITE_RECURSION = YES;
				CLANG_WARN_INT_CONVERSION = YES;
				CLANG_WARN_NON_LITERAL_NULL_CONVERSION = YES;
				CLANG_WARN_OBJC_IMPLICIT_RETAIN_SELF = YES;
				CLANG_WARN_OBJC_LITERAL_CONVERSION = YES;
				CLANG_WARN_OBJC_ROOT_CLASS = YES_ERROR;
				CLANG_WARN_QUOTED_INCLUDE_IN_FRAMEWORK_HEADER = YES;
				CLANG_WARN_RANGE_LOOP_ANALYSIS = YES;
				CLANG_WARN_STRICT_PROTOTYPES = YES;
				CLANG_WARN_SUSPICIOUS_MOVE = YES;
				CLANG_WARN_UNGUARDED_AVAILABILITY = YES_AGGRESSIVE;
				CLANG_WARN_UNREACHABLE_CODE = YES;
				CLANG_WARN__DUPLICATE_METHOD_MATCH = YES;
				COPY_PHASE_STRIP = NO;
				DEBUG_INFORMATION_FORMAT = "dwarf-with-dsym";
				ENABLE_NS_ASSERTIONS = NO;
				ENABLE_STRICT_OBJC_MSGSEND = YES;
				ENABLE_USER_SCRIPT_SANDBOXING = YES;
				GCC_C_LANGUAGE_STANDARD = gnu17;
				GCC_NO_COMMON_BLOCKS = YES;
				GCC_WARN_64_TO_32_BIT_CONVERSION = YES;
				GCC_WARN_ABOUT_RETURN_TYPE = YES_ERROR;
				GCC_WARN_UNDECLARED_SELECTOR = YES;
				GCC_WARN_UNINITIALIZED_AUTOS = YES_AGGRESSIVE;
				GCC_WARN_UNUSED_FUNCTION = YES;
				GCC_WARN_UNUSED_VARIABLE = YES;
				IPHONEOS_DEPLOYMENT_TARGET = 26.5;
				LOCALIZATION_PREFERS_STRING_CATALOGS = YES;
				MTL_ENABLE_DEBUG_INFO = NO;
				MTL_FAST_MATH = YES;
				SDKROOT = iphoneos;
				SWIFT_COMPILATION_MODE = wholemodule;
				VALIDATE_PRODUCT = YES;
			};
			name = Release;
		};
		6343CAFB301549D500F4D4C3 /* Debug */ = {
			isa = XCBuildConfiguration;
			buildSettings = {
				ASSETCATALOG_COMPILER_APPICON_NAME = AppIcon;
				ASSETCATALOG_COMPILER_GLOBAL_ACCENT_COLOR_NAME = AccentColor;
				CODE_SIGN_ENTITLEMENTS = FitnessAI/FitnessAI.entitlements;
				CODE_SIGN_STYLE = Automatic;
				CURRENT_PROJECT_VERSION = 1;
				DEVELOPMENT_TEAM = 6RQWN876XM;
				ENABLE_PREVIEWS = YES;
				GENERATE_INFOPLIST_FILE = YES;
				INFOPLIST_KEY_NSCameraUsageDescription = "Hareket analizi ve duruş için kameraya ihtiyaç var.";
				INFOPLIST_KEY_UIApplicationSceneManifest_Generation = YES;
				INFOPLIST_KEY_UIApplicationSupportsIndirectInputEvents = YES;
				INFOPLIST_KEY_UILaunchScreen_Generation = YES;
				INFOPLIST_KEY_UISupportedInterfaceOrientations_iPad = "UIInterfaceOrientationPortrait UIInterfaceOrientationPortraitUpsideDown UIInterfaceOrientationLandscapeLeft UIInterfaceOrientationLandscapeRight";
				INFOPLIST_KEY_UISupportedInterfaceOrientations_iPhone = "UIInterfaceOrientationPortrait UIInterfaceOrientationLandscapeLeft UIInterfaceOrientationLandscapeRight";
				LD_RUNPATH_SEARCH_PATHS = (
					"$(inherited)",
					"@executable_path/Frameworks",
				);
				MARKETING_VERSION = 1.0;
				PRODUCT_BUNDLE_IDENTIFIER = com.zehraoner.FitnessAI;
				PRODUCT_NAME = "$(TARGET_NAME)";
				STRING_CATALOG_GENERATE_SYMBOLS = YES;
				SWIFT_APPROACHABLE_CONCURRENCY = YES;
				SWIFT_DEFAULT_ACTOR_ISOLATION = MainActor;
				SWIFT_EMIT_LOC_STRINGS = YES;
				SWIFT_UPCOMING_FEATURE_MEMBER_IMPORT_VISIBILITY = YES;
				SWIFT_VERSION = 5.0;
				TARGETED_DEVICE_FAMILY = "1,2";
			};
			name = Debug;
		};
		6343CAFC301549D500F4D4C3 /* Release */ = {
			isa = XCBuildConfiguration;
			buildSettings = {
				ASSETCATALOG_COMPILER_APPICON_NAME = AppIcon;
				ASSETCATALOG_COMPILER_GLOBAL_ACCENT_COLOR_NAME = AccentColor;
				CODE_SIGN_ENTITLEMENTS = FitnessAI/FitnessAI.entitlements;
				CODE_SIGN_STYLE = Automatic;
				CURRENT_PROJECT_VERSION = 1;
				DEVELOPMENT_TEAM = 6RQWN876XM;
				ENABLE_PREVIEWS = YES;
				GENERATE_INFOPLIST_FILE = YES;
				INFOPLIST_KEY_NSCameraUsageDescription = "Hareket analizi ve duruş için kameraya ihtiyaç var.";
				INFOPLIST_KEY_UIApplicationSceneManifest_Generation = YES;
				INFOPLIST_KEY_UIApplicationSupportsIndirectInputEvents = YES;
				INFOPLIST_KEY_UILaunchScreen_Generation = YES;
				INFOPLIST_KEY_UISupportedInterfaceOrientations_iPad = "UIInterfaceOrientationPortrait UIInterfaceOrientationPortraitUpsideDown UIInterfaceOrientationLandscapeLeft UIInterfaceOrientationLandscapeRight";
				INFOPLIST_KEY_UISupportedInterfaceOrientations_iPhone = "UIInterfaceOrientationPortrait UIInterfaceOrientationLandscapeLeft UIInterfaceOrientationLandscapeRight";
				LD_RUNPATH_SEARCH_PATHS = (
					"$(inherited)",
					"@executable_path/Frameworks",
				);
				MARKETING_VERSION = 1.0;
				PRODUCT_BUNDLE_IDENTIFIER = com.zehraoner.FitnessAI;
				PRODUCT_NAME = "$(TARGET_NAME)";
				STRING_CATALOG_GENERATE_SYMBOLS = YES;
				SWIFT_APPROACHABLE_CONCURRENCY = YES;
				SWIFT_DEFAULT_ACTOR_ISOLATION = MainActor;
				SWIFT_EMIT_LOC_STRINGS = YES;
				SWIFT_UPCOMING_FEATURE_MEMBER_IMPORT_VISIBILITY = YES;
				SWIFT_VERSION = 5.0;
				TARGETED_DEVICE_FAMILY = "1,2";
			};
			name = Release;
		};
/* End XCBuildConfiguration section */

/* Begin XCConfigurationList section */
		6343CAEA301549D400F4D4C3 /* Build configuration list for PBXProject "FitnessAI" */ = {
			isa = XCConfigurationList;
			buildConfigurations = (
				6343CAF8301549D500F4D4C3 /* Debug */,
				6343CAF9301549D500F4D4C3 /* Release */,
			);
			defaultConfigurationIsVisible = 0;
			defaultConfigurationName = Release;
		};
		6343CAFA301549D500F4D4C3 /* Build configuration list for PBXNativeTarget "FitnessAI" */ = {
			isa = XCConfigurationList;
			buildConfigurations = (
				6343CAFB301549D500F4D4C3 /* Debug */,
				6343CAFC301549D500F4D4C3 /* Release */,
			);
			defaultConfigurationIsVisible = 0;
			defaultConfigurationName = Release;
		};
/* End XCConfigurationList section */

/* Begin XCRemoteSwiftPackageReference section */
		6314C02A3015606900870907 /* XCRemoteSwiftPackageReference "firebase-ios-sdk" */ = {
			isa = XCRemoteSwiftPackageReference;
			repositoryURL = "https://github.com/firebase/firebase-ios-sdk";
			requirement = {
				kind = upToNextMajorVersion;
				minimumVersion = 12.16.0;
			};
		};
/* End XCRemoteSwiftPackageReference section */

/* Begin XCSwiftPackageProductDependency section */
		6314C02B3015606900870907 /* FirebaseAnalytics */ = {
			isa = XCSwiftPackageProductDependency;
			package = 6314C02A3015606900870907 /* XCRemoteSwiftPackageReference "firebase-ios-sdk" */;
			productName = FirebaseAnalytics;
		};
		6314C02D3015606900870907 /* FirebaseAuth */ = {
			isa = XCSwiftPackageProductDependency;
			package = 6314C02A3015606900870907 /* XCRemoteSwiftPackageReference "firebase-ios-sdk" */;
			productName = FirebaseAuth;
		};
		6314C02F3015606900870907 /* FirebaseFirestore */ = {
			isa = XCSwiftPackageProductDependency;
			package = 6314C02A3015606900870907 /* XCRemoteSwiftPackageReference "firebase-ios-sdk" */;
			productName = FirebaseFirestore;
		};
/* End XCSwiftPackageProductDependency section */
	};
	rootObject = 6343CAE7301549D400F4D4C3 /* Project object */;
}
